{
  "pins" : [
    {
      "identity" : "ably-cocoa",
      "kind" : "remoteSourceControl",
      "location" : "https://github.com/ably/ably-cocoa",
      "state" : {
        "revision" : "5c3d12f37e72411bef7cbd7d7bb60d98e4d73169",
        "version" : "1.2.19"
      }
    },
    {
      "identity" : "delta-codec-cocoa",
      "kind" : "remoteSourceControl",
      "location" : "https://github.com/ably/delta-codec-cocoa",
      "state" : {
        "revision" : "3ee62ea40a63996b55818d44b3f0e56d8753be88",
        "version" : "1.3.3"
      }
    },
    {
      "identity" : "msgpack-objective-c",
      "kind" : "remoteSourceControl",
      "location" : "https://github.com/rvi/msgpack-objective-C",
      "state" : {
        "revision" : "3e36b48e04ecd756cb927bd5f5b9bf6d45e475f9",
        "version" : "0.4.0"
      }
    },
    {
      "identity" : "starscream",
      "kind" : "remoteSourceControl",
      "location" : "https://github.com/daltoniam/Starscream.git",
      "state" : {
        "revision" : "df8d82047f6654d8e4b655d1b1525c64e1059d21",
        "version" : "4.0.4"
      }
    },
    {
      "identity" : "watchrtcsdk-ios",
      "kind" : "remoteSourceControl",
      "location" : "https://github.com/testRTC/watchRTCSDK-iOS",
      "state" : {
        "revision" : "dd2492d84f7ebb6cd2e21a479a3886526d675196",
        "version" : "1.5.1"
      }
    },
    {
      "identity" : "webrtc",
      "kind" : "remoteSourceControl",
      "location" : "https://github.com/stasel/WebRTC",
      "state" : {
        "revision" : "fd78eb70fb7da306adbdfc6e44386086364c3cf8",
        "version" : "107.0.0"
      }
    }
  ],
  "version" : 2
}
