{
  "object": {
    "pins": [
      {
        "package": "Starscream",
        "repositoryURL": "https://github.com/daltoniam/Starscream.git",
        "state": {
          "branch": "master",
          "revision": "c68359159dcf0b5de9b536b9a959e9e435e968d3",
          "version": null
        }
      },
      {
        "package": "SwiftyJSON",
        "repositoryURL": "https://github.com/SwiftyJSON/SwiftyJSON.git",
        "state": {
          "branch": null,
          "revision": "2b6054efa051565954e1d2b9da831680026cd768",
          "version": "4.3.0"
        }
      },
      {
        "package": "WebRTC",
        "repositoryURL": "https://github.com/stasel/WebRTC",
        "state": {
          "branch": null,
          "revision": "0f5f7b40b7fa53ad46ccece1665dbca3897df766",
          "version": "96.0.0"
        }
      }
    ]
  },
  "version": 1
}
